<?xml version="1.0" encoding="utf-8"?>
<Project ToolsVersion="4.0" xmlns="http://schemas.microsoft.com/developer/msbuild/2003">
  <ItemGroup>
    <Filter Include="Snake">
      <UniqueIdentifier>{77EE1A0E-E302-43BF-AC84-E61E18583FF0}</UniqueIdentifier>
    </Filter>
  </ItemGroup>
  <ItemGroup>
    <ClInclude Include="src\SandBoxLayer.h" />
    <ClInclude Include="src\Snake\GameLayer.h">
      <Filter>Snake</Filter>
    </ClInclude>
    <ClInclude Include="src\Snake\Snake.h">
      <Filter>Snake</Filter>
    </ClInclude>
    <ClInclude Include="src\TestLayer.h" />
  </ItemGroup>
  <ItemGroup>
    <ClCompile Include="src\SandBoxApp.cpp" />
    <ClCompile Include="src\SandBoxLayer.cpp" />
    <ClCompile Include="src\Snake\GameLayer.cpp">
      <Filter>Snake</Filter>
    </ClCompile>
    <ClCompile Include="src\Snake\Snake.cpp">
      <Filter>Snake</Filter>
    </ClCompile>
    <ClCompile Include="src\TestLayer.cpp" />
  </ItemGroup>
</Project>